
Microsoft Visual Studio Solution File, Format Version 12.00
# Visual Studio Version 17
VisualStudioVersion = 17.10.35122.118
MinimumVisualStudioVersion = 10.0.40219.1
Project("{2150E333-8FDC-42A3-9474-1A3956D46DE8}") = "Solution Items", "Solution Items", "{BE3803F1-E8E7-4AC6-8275-9AAB531CE3C7}"
	ProjectSection(SolutionItems) = preProject
		.editorconfig = .editorconfig
	EndProjectSection
EndProject
Project("{FAE04EC0-301F-11D3-BF4B-00C04F79EFBC}") = "FSTests", "FSTests\FSTests.csproj", "{70D63371-23DC-4EDE-A7F9-9E9DB7CFCC5C}"
EndProject
Project("{FAE04EC0-301F-11D3-BF4B-00C04F79EFBC}") = "FileSurfer.Core", "FileSurfer.Core\FileSurfer.Core.csproj", "{B4C13639-839A-4996-9F0D-A681F57EDE4E}"
EndProject
Project("{FAE04EC0-301F-11D3-BF4B-00C04F79EFBC}") = "FileSurfer.Linux", "FileSurfer.Linux\FileSurfer.Linux.csproj", "{6E6F711D-E60C-4A69-9BAB-8CB361EB3C8D}"
EndProject
Project("{FAE04EC0-301F-11D3-BF4B-00C04F79EFBC}") = "FileSurfer.Windows", "FileSurfer.Windows\FileSurfer.Windows.csproj", "{7B6C657C-B926-48C4-9F91-217AFFA923B0}"
EndProject
Project("{2150E333-8FDC-42A3-9474-1A3956D46DE8}") = "FileSurfer", "FileSurfer", "{3C2AFF70-7C08-494B-91D3-B2944BD74E73}"
EndProject
Global
	GlobalSection(SolutionConfigurationPlatforms) = preSolution
		Debug|Any CPU = Debug|Any CPU
		Release|Any CPU = Release|Any CPU
	EndGlobalSection
	GlobalSection(ProjectConfigurationPlatforms) = postSolution
		{70D63371-23DC-4EDE-A7F9-9E9DB7CFCC5C}.Debug|Any CPU.ActiveCfg = Debug|Any CPU
		{70D63371-23DC-4EDE-A7F9-9E9DB7CFCC5C}.Debug|Any CPU.Build.0 = Debug|Any CPU
		{70D63371-23DC-4EDE-A7F9-9E9DB7CFCC5C}.Release|Any CPU.ActiveCfg = Release|Any CPU
		{70D63371-23DC-4EDE-A7F9-9E9DB7CFCC5C}.Release|Any CPU.Build.0 = Release|Any CPU
		{B4C13639-839A-4996-9F0D-A681F57EDE4E}.Debug|Any CPU.ActiveCfg = Debug|Any CPU
		{B4C13639-839A-4996-9F0D-A681F57EDE4E}.Debug|Any CPU.Build.0 = Debug|Any CPU
		{B4C13639-839A-4996-9F0D-A681F57EDE4E}.Release|Any CPU.ActiveCfg = Release|Any CPU
		{B4C13639-839A-4996-9F0D-A681F57EDE4E}.Release|Any CPU.Build.0 = Release|Any CPU
		{6E6F711D-E60C-4A69-9BAB-8CB361EB3C8D}.Debug|Any CPU.ActiveCfg = Debug|Any CPU
		{6E6F711D-E60C-4A69-9BAB-8CB361EB3C8D}.Debug|Any CPU.Build.0 = Debug|Any CPU
		{6E6F711D-E60C-4A69-9BAB-8CB361EB3C8D}.Release|Any CPU.ActiveCfg = Release|Any CPU
		{6E6F711D-E60C-4A69-9BAB-8CB361EB3C8D}.Release|Any CPU.Build.0 = Release|Any CPU
		{6E6F711D-E60C-4A69-9BAB-8CB361EB3C8D}.Release|Any CPU.Deploy.0 = Release|Any CPU
		{7B6C657C-B926-48C4-9F91-217AFFA923B0}.Debug|Any CPU.ActiveCfg = Debug|Any CPU
		{7B6C657C-B926-48C4-9F91-217AFFA923B0}.Debug|Any CPU.Build.0 = Debug|Any CPU
		{7B6C657C-B926-48C4-9F91-217AFFA923B0}.Release|Any CPU.ActiveCfg = Release|Any CPU
		{7B6C657C-B926-48C4-9F91-217AFFA923B0}.Release|Any CPU.Build.0 = Release|Any CPU
		{7B6C657C-B926-48C4-9F91-217AFFA923B0}.Release|Any CPU.Deploy.0 = Release|Any CPU
	EndGlobalSection
	GlobalSection(SolutionProperties) = preSolution
		HideSolutionNode = FALSE
	EndGlobalSection
	GlobalSection(NestedProjects) = preSolution
		{7B6C657C-B926-48C4-9F91-217AFFA923B0} = {3C2AFF70-7C08-494B-91D3-B2944BD74E73}
		{6E6F711D-E60C-4A69-9BAB-8CB361EB3C8D} = {3C2AFF70-7C08-494B-91D3-B2944BD74E73}
		{B4C13639-839A-4996-9F0D-A681F57EDE4E} = {3C2AFF70-7C08-494B-91D3-B2944BD74E73}
	EndGlobalSection
	GlobalSection(RiderSharedRunConfigurations) = postSolution
		File = FileSurfer.Linux\LinuxPublish.run.xml
		File = FileSurfer.Windows\WindowsPublish.run.xml
	EndGlobalSection
EndGlobal
